
Microsoft Visual Studio Solution File, Format Version 12.00
# Visual Studio Version 17
VisualStudioVersion = 17.0.31903.59
MinimumVisualStudioVersion = 10.0.40219.1
Project("{FAE04EC0-301F-11D3-BF4B-00C04F79EFBC}") = "BugPro", "BugPro\BugPro.csproj", "{B09778A2-4152-41E3-83AA-66BF1749CADE}"
EndProject
Project("{FAE04EC0-301F-11D3-BF4B-00C04F79EFBC}") = "BugTests", "BugTests\BugTests.csproj", "{D1496F08-D07B-4ECD-A947-4AD615A8B315}"
EndProject
Global
	GlobalSection(SolutionConfigurationPlatforms) = preSolution
		Debug|Any CPU = Debug|Any CPU
		Release|Any CPU = Release|Any CPU
	EndGlobalSection
	GlobalSection(SolutionProperties) = preSolution
		HideSolutionNode = FALSE
	EndGlobalSection
	GlobalSection(ProjectConfigurationPlatforms) = postSolution
		{B09778A2-4152-41E3-83AA-66BF1749CADE}.Debug|Any CPU.ActiveCfg = Debug|Any CPU
		{B09778A2-4152-41E3-83AA-66BF1749CADE}.Debug|Any CPU.Build.0 = Debug|Any CPU
		{B09778A2-4152-41E3-83AA-66BF1749CADE}.Release|Any CPU.ActiveCfg = Release|Any CPU
		{B09778A2-4152-41E3-83AA-66BF1749CADE}.Release|Any CPU.Build.0 = Release|Any CPU
		{D1496F08-D07B-4ECD-A947-4AD615A8B315}.Debug|Any CPU.ActiveCfg = Debug|Any CPU
		{D1496F08-D07B-4ECD-A947-4AD615A8B315}.Debug|Any CPU.Build.0 = Debug|Any CPU
		{D1496F08-D07B-4ECD-A947-4AD615A8B315}.Release|Any CPU.ActiveCfg = Release|Any CPU
		{D1496F08-D07B-4ECD-A947-4AD615A8B315}.Release|Any CPU.Build.0 = Release|Any CPU
	EndGlobalSection
EndGlobal
